
Microsoft Visual Studio Solution File, Format Version 12.00
# Visual Studio Version 17
VisualStudioVersion = 17.11.35303.130
MinimumVisualStudioVersion = 10.0.40219.1
Project("{FAE04EC0-301F-11D3-BF4B-00C04F79EFBC}") = "AirplaneApp7", "AirplaneApp7.csproj", "{3DE5A87A-FC66-4AEA-B238-88296A01E5CC}"
EndProject
Global
	GlobalSection(SolutionConfigurationPlatforms) = preSolution
		Debug|Any CPU = Debug|Any CPU
		Release|Any CPU = Release|Any CPU
	EndGlobalSection
	GlobalSection(ProjectConfigurationPlatforms) = postSolution
		{3DE5A87A-FC66-4AEA-B238-88296A01E5CC}.Debug|Any CPU.ActiveCfg = Debug|Any CPU
		{3DE5A87A-FC66-4AEA-B238-88296A01E5CC}.Debug|Any CPU.Build.0 = Debug|Any CPU
		{3DE5A87A-FC66-4AEA-B238-88296A01E5CC}.Release|Any CPU.ActiveCfg = Release|Any CPU
		{3DE5A87A-FC66-4AEA-B238-88296A01E5CC}.Release|Any CPU.Build.0 = Release|Any CPU
	EndGlobalSection
	GlobalSection(SolutionProperties) = preSolution
		HideSolutionNode = FALSE
	EndGlobalSection
	GlobalSection(ExtensibilityGlobals) = postSolution
		SolutionGuid = {740C5717-3DE2-4566-ABEC-5CD89A011A9F}
	EndGlobalSection
EndGlobal
